PODS:
  - AFNetworking (2.5.0):
    - AFNetworking/NSURLConnection
    - AFNetworking/NSURLSession
    - AFNetworking/Reachability
    - AFNetworking/Security
    - AFNetworking/Serialization
    - AFNetworking/UIKit
  - AFNetworking/NSURLConnection (2.5.0):
    - AFNetworking/Reachability
    - AFNetworking/Security
    - AFNetworking/Serialization
  - AFNetworking/NSURLSession (2.5.0):
    - AFNetworking/Reachability
    - AFNetworking/Security
    - AFNetworking/Serialization
  - AFNetworking/Reachability (2.5.0)
  - AFNetworking/Security (2.5.0)
  - AFNetworking/Serialization (2.5.0)
  - AFNetworking/UIKit (2.5.0):
    - AFNetworking/NSURLConnection
    - AFNetworking/NSURLSession
  - GPUImage (0.1.6)
  - iCarousel (1.8.1)
  - LBBlurredImage (0.2.0)
  - SDWebImage (3.7.1):
    - SDWebImage/Core
  - SDWebImage/Core (3.7.1)
  - UIAlertView+Blocks (0.8.1)

DEPENDENCIES:
  - AFNetworking
  - GPUImage
  - iCarousel
  - LBBlurredImage
  - SDWebImage
  - UIAlertView+Blocks

SPEC CHECKSUMS:
  AFNetworking: 0f54cb5d16ce38c1b76948faffb8d5fb705021c7
  GPUImage: cecb0830bb9428f50192042e3c7b53810f51388e
  iCarousel: 5acab560f10dc13da2440c89f35a0ad278b5147d
  LBBlurredImage: 30cc42be977bbcece286d26d2d9c08b8be7f05e8
  SDWebImage: 116e88633b5b416ea0ca4b334a4ac59cf72dd38d
  UIAlertView+Blocks: 0b749f1f7bd5131ff2233b30a406c1585a7171b2

COCOAPODS: 0.34.4
